[{<<"clj">>,
  {git,"git://github.com/lfex/clj.git",
       {ref,"1be3d8fedaf338df7ae24f688b12ef5754fb235e"}},
  0},
 {<<"kla">>,
  {git,"git://github.com/lfex/kla.git",
       {ref,"c3a4cb86f76982c40dcd640768db7056bb8d5df7"}},
  1},
 {<<"lfe-version">>,
  {git,"https://github.com/lfe-rebar3/version.git",
       {ref,"76919956b78112b86bbe5972ffc136741d708f10"}},
  2}].
